# This file is autogenerated, do not edit; changes may be undone by the next 'dep ensure'.


[[projects]]
  name = "github.com/davecgh/go-spew"
  packages = ["spew"]
  revision = "346938d642f2ec3594ed81d874461961cd0faa76"
  version = "v1.1.0"

[[projects]]
  name = "github.com/lexandro/go-assert"
  packages = ["."]
  revision = "5a4d4becb3d1d7b9115aebf855d31f38294de0b6"
  version = "0.1.0"

[[projects]]
  name = "github.com/pmezard/go-difflib"
  packages = ["difflib"]
  revision = "792786c7400a136282c1664665ae0a8db921c6c2"
  version = "v1.0.0"

[[projects]]
  name = "github.com/stretchr/testify"
  packages = ["assert"]
  revision = "69483b4bd14f5845b5a1e55bca19e954e827f1d0"
  version = "v1.1.4"

[[projects]]
  branch = "master"
  name = "github.com/tevino/abool"
  packages = ["."]
  revision = "3c25f2fe7cd0ef3eabefce1d90efd69a65d35b12"

[solve-meta]
  analyzer-name = "dep"
  analyzer-version = 1
  inputs-digest = "26b96c6a46db2dcec5fb50c140b99d15d7998e92ffcd7603829d76fc29bd8d04"
  solver-name = "gps-cdcl"
  solver-version = 1
